// !$*UTF8*$!
{
	archiveVersion = 1;
	classes = {
	};
	objectVersion = 48;
	objects = {

/* Begin PBXBuildFile section */
		D382432D1F9DC3FB0026B89B /* AppDelegate.swift in Sources */ = {isa = PBXBuildFile; fileRef = D382432C1F9DC3FB0026B89B /* AppDelegate.swift */; };
		D382432F1F9DC3FB0026B89B /* ViewController.swift in Sources */ = {isa = PBXBuildFile; fileRef = D382432E1F9DC3FB0026B89B /* ViewController.swift */; };
		D38243321F9DC3FB0026B89B /* Main.storyboard in Resources */ = {isa = PBXBuildFile; fileRef = D38243301F9DC3FB0026B89B /* Main.storyboard */; };
		D38243341F9DC3FB0026B89B /* Assets.xcassets in Resources */ = {isa = PBXBuildFile; fileRef = D38243331F9DC3FB0026B89B /* Assets.xcassets */; };
		D38243371F9DC3FB0026B89B /* LaunchScreen.storyboard in Resources */ = {isa = PBXBuildFile; fileRef = D38243351F9DC3FB0026B89B /* LaunchScreen.storyboard */; };
		D38243421F9DC3FB0026B89B /* usernameprojTests.swift in Sources */ = {isa = PBXBuildFile; fileRef = D38243411F9DC3FB0026B89B /* usernameprojTests.swift */; };
		D382434D1F9DC3FB0026B89B /* usernameprojUITests.swift in Sources */ = {isa = PBXBuildFile; fileRef = D382434C1F9DC3FB0026B89B /* usernameprojUITests.swift */; };
/* End PBXBuildFile section */

/* Begin PBXContainerItemProxy section */
		D382433E1F9DC3FB0026B89B /* PBXContainerItemProxy */ = {
			isa = PBXContainerItemProxy;
			containerPortal = D38243211F9DC3FB0026B89B /* Project object */;
			proxyType = 1;
			remoteGlobalIDString = D38243281F9DC3FB0026B89B;
			remoteInfo = usernameproj;
		};
		D38243491F9DC3FB0026B89B /* PBXContainerItemProxy */ = {
			isa = PBXContainerItemProxy;
			containerPortal = D38243211F9DC3FB0026B89B /* Project object */;
			proxyType = 1;
			remoteGlobalIDString = D38243281F9DC3FB0026B89B;
			remoteInfo = usernameproj;
		};
/* End PBXContainerItemProxy section */

/* Begin PBXFileReference section */
		D38243291F9DC3FB0026B89B /* usernameproj.app */ = {isa = PBXFileReference; explicitFileType = wrapper.application; includeInIndex = 0; path = usernameproj.app; sourceTree = BUILT_PRODUCTS_DIR; };
		D382432C1F9DC3FB0026B89B /* AppDelegate.swift */ = {isa = PBXFileReference; lastKnownFileType = sourcecode.swift; path = AppDelegate.swift; sourceTree = "<group>"; };
		D382432E1F9DC3FB0026B89B /* ViewController.swift */ = {isa = PBXFileReference; lastKnownFileType = sourcecode.swift; path = ViewController.swift; sourceTree = "<group>"; };
		D38243311F9DC3FB0026B89B /* Base */ = {isa = PBXFileReference; lastKnownFileType = file.storyboard; name = Base; path = Base.lproj/Main.storyboard; sourceTree = "<group>"; };
		D38243331F9DC3FB0026B89B /* Assets.xcassets */ = {isa = PBXFileReference; lastKnownFileType = folder.assetcatalog; path = Assets.xcassets; sourceTree = "<group>"; };
		D38243361F9DC3FB0026B89B /* Base */ = {isa = PBXFileReference; lastKnownFileType = file.storyboard; name = Base; path = Base.lproj/LaunchScreen.storyboard; sourceTree = "<group>"; };
		D38243381F9DC3FB0026B89B /* Info.plist */ = {isa = PBXFileReference; lastKnownFileType = text.plist.xml; path = Info.plist; sourceTree = "<group>"; };
		D382433D1F9DC3FB0026B89B /* usernameprojTests.xctest */ = {isa = PBXFileReference; explicitFileType = wrapper.cfbundle; includeInIndex = 0; path = usernameprojTests.xctest; sourceTree = BUILT_PRODUCTS_DIR; };
		D38243411F9DC3FB0026B89B /* usernameprojTests.swift */ = {isa = PBXFileReference; lastKnownFileType = sourcecode.swift; path = usernameprojTests.swift; sourceTree = "<group>"; };
		D38243431F9DC3FB0026B89B /* Info.plist */ = {isa = PBXFileReference; lastKnownFileType = text.plist.xml; path = Info.plist; sourceTree = "<group>"; };
		D38243481F9DC3FB0026B89B /* usernameprojUITests.xctest */ = {isa = PBXFileReference; explicitFileType = wrapper.cfbundle; includeInIndex = 0; path = usernameprojUITests.xctest; sourceTree = BUILT_PRODUCTS_DIR; };
		D382434C1F9DC3FB0026B89B /* usernameprojUITests.swift */ = {isa = PBXFileReference; lastKnownFileType = sourcecode.swift; path = usernameprojUITests.swift; sourceTree = "<group>"; };
		D382434E1F9DC3FB0026B89B /* Info.plist */ = {isa = PBXFileReference; lastKnownFileType = text.plist.xml; path = Info.plist; sourceTree = "<group>"; };
/* End PBXFileReference section */

/* Begin PBXFrameworksBuildPhase section */
		D38243261F9DC3FB0026B89B /* Frameworks */ = {
			isa = PBXFrameworksBuildPhase;
			buildActionMask = 2147483647;
			files = (
			);
			runOnlyForDeploymentPostprocessing = 0;
		};
		D382433A1F9DC3FB0026B89B /* Frameworks */ = {
			isa = PBXFrameworksBuildPhase;
			buildActionMask = 2147483647;
			files = (
			);
			runOnlyForDeploymentPostprocessing = 0;
		};
		D38243451F9DC3FB0026B89B /* Frameworks */ = {
			isa = PBXFrameworksBuildPhase;
			buildActionMask = 2147483647;
			files = (
			);
			runOnlyForDeploymentPostprocessing = 0;
		};
/* End PBXFrameworksBuildPhase section */

/* Begin PBXGroup section */
		D38243201F9DC3FB0026B89B = {
			isa = PBXGroup;
			children = (
				D382432B1F9DC3FB0026B89B /* usernameproj */,
				D38243401F9DC3FB0026B89B /* usernameprojTests */,
				D382434B1F9DC3FB0026B89B /* usernameprojUITests */,
				D382432A1F9DC3FB0026B89B /* Products */,
			);
			sourceTree = "<group>";
		};
		D382432A1F9DC3FB0026B89B /* Products */ = {
			isa = PBXGroup;
			children = (
				D38243291F9DC3FB0026B89B /* usernameproj.app */,
				D382433D1F9DC3FB0026B89B /* usernameprojTests.xctest */,
				D38243481F9DC3FB0026B89B /* usernameprojUITests.xctest */,
			);
			name = Products;
			sourceTree = "<group>";
		};
		D382432B1F9DC3FB0026B89B /* usernameproj */ = {
			isa = PBXGroup;
			children = (
				D382432C1F9DC3FB0026B89B /* AppDelegate.swift */,
				D382432E1F9DC3FB0026B89B /* ViewController.swift */,
				D38243301F9DC3FB0026B89B /* Main.storyboard */,
				D38243331F9DC3FB0026B89B /* Assets.xcassets */,
				D38243351F9DC3FB0026B89B /* LaunchScreen.storyboard */,
				D38243381F9DC3FB0026B89B /* Info.plist */,
			);
			path = usernameproj;
			sourceTree = "<group>";
		};
		D38243401F9DC3FB0026B89B /* usernameprojTests */ = {
			isa = PBXGroup;
			children = (
				D38243411F9DC3FB0026B89B /* usernameprojTests.swift */,
				D38243431F9DC3FB0026B89B /* Info.plist */,
			);
			path = usernameprojTests;
			sourceTree = "<group>";
		};
		D382434B1F9DC3FB0026B89B /* usernameprojUITests */ = {
			isa = PBXGroup;
			children = (
				D382434C1F9DC3FB0026B89B /* usernameprojUITests.swift */,
				D382434E1F9DC3FB0026B89B /* Info.plist */,
			);
			path = usernameprojUITests;
			sourceTree = "<group>";
		};
/* End PBXGroup section */

/* Begin PBXNativeTarget section */
		D38243281F9DC3FB0026B89B /* usernameproj */ = {
			isa = PBXNativeTarget;
			buildConfigurationList = D38243511F9DC3FB0026B89B /* Build configuration list for PBXNativeTarget "usernameproj" */;
			buildPhases = (
				D38243251F9DC3FB0026B89B /* Sources */,
				D38243261F9DC3FB0026B89B /* Frameworks */,
				D38243271F9DC3FB0026B89B /* Resources */,
			);
			buildRules = (
			);
			dependencies = (
			);
			name = usernameproj;
			productName = usernameproj;
			productReference = D38243291F9DC3FB0026B89B /* usernameproj.app */;
			productType = "com.apple.product-type.application";
		};
		D382433C1F9DC3FB0026B89B /* usernameprojTests */ = {
			isa = PBXNativeTarget;
			buildConfigurationList = D38243541F9DC3FB0026B89B /* Build configuration list for PBXNativeTarget "usernameprojTests" */;
			buildPhases = (
				D38243391F9DC3FB0026B89B /* Sources */,
				D382433A1F9DC3FB0026B89B /* Frameworks */,
				D382433B1F9DC3FB0026B89B /* Resources */,
			);
			buildRules = (
			);
			dependencies = (
				D382433F1F9DC3FB0026B89B /* PBXTargetDependency */,
			);
			name = usernameprojTests;
			productName = usernameprojTests;
			productReference = D382433D1F9DC3FB0026B89B /* usernameprojTests.xctest */;
			productType = "com.apple.product-type.bundle.unit-test";
		};
		D38243471F9DC3FB0026B89B /* usernameprojUITests */ = {
			isa = PBXNativeTarget;
			buildConfigurationList = D38243571F9DC3FB0026B89B /* Build configuration list for PBXNativeTarget "usernameprojUITests" */;
			buildPhases = (
				D38243441F9DC3FB0026B89B /* Sources */,
				D38243451F9DC3FB0026B89B /* Frameworks */,
				D38243461F9DC3FB0026B89B /* Resources */,
			);
			buildRules = (
			);
			dependencies = (
				D382434A1F9DC3FB0026B89B /* PBXTargetDependency */,
			);
			name = usernameprojUITests;
			productName = usernameprojUITests;
			productReference = D38243481F9DC3FB0026B89B /* usernameprojUITests.xctest */;
			productType = "com.apple.product-type.bundle.ui-testing";
		};
/* End PBXNativeTarget section */

/* Begin PBXProject section */
		D38243211F9DC3FB0026B89B /* Project object */ = {
			isa = PBXProject;
			attributes = {
				LastSwiftUpdateCheck = 0900;
				LastUpgradeCheck = 0900;
				ORGANIZATIONNAME = yusron;
				TargetAttributes = {
					D38243281F9DC3FB0026B89B = {
						CreatedOnToolsVersion = 9.0.1;
						ProvisioningStyle = Automatic;
					};
					D382433C1F9DC3FB0026B89B = {
						CreatedOnToolsVersion = 9.0.1;
						ProvisioningStyle = Automatic;
						TestTargetID = D38243281F9DC3FB0026B89B;
					};
					D38243471F9DC3FB0026B89B = {
						CreatedOnToolsVersion = 9.0.1;
						ProvisioningStyle = Automatic;
						TestTargetID = D38243281F9DC3FB0026B89B;
					};
				};
			};
			buildConfigurationList = D38243241F9DC3FB0026B89B /* Build configuration list for PBXProject "usernameproj" */;
			compatibilityVersion = "Xcode 8.0";
			developmentRegion = en;
			hasScannedForEncodings = 0;
			knownRegions = (
				en,
				Base,
			);
			mainGroup = D38243201F9DC3FB0026B89B;
			productRefGroup = D382432A1F9DC3FB0026B89B /* Products */;
			projectDirPath = "";
			projectRoot = "";
			targets = (
				D38243281F9DC3FB0026B89B /* usernameproj */,
				D382433C1F9DC3FB0026B89B /* usernameprojTests */,
				D38243471F9DC3FB0026B89B /* usernameprojUITests */,
			);
		};
/* End PBXProject section */

/* Begin PBXResourcesBuildPhase section */
		D38243271F9DC3FB0026B89B /* Resources */ = {
			isa = PBXResourcesBuildPhase;
			buildActionMask = 2147483647;
			files = (
				D38243371F9DC3FB0026B89B /* LaunchScreen.storyboard in Resources */,
				D38243341F9DC3FB0026B89B /* Assets.xcassets in Resources */,
				D38243321F9DC3FB0026B89B /* Main.storyboard in Resources */,
			);
			runOnlyForDeploymentPostprocessing = 0;
		};
		D382433B1F9DC3FB0026B89B /* Resources */ = {
			isa = PBXResourcesBuildPhase;
			buildActionMask = 2147483647;
			files = (
			);
			runOnlyForDeploymentPostprocessing = 0;
		};
		D38243461F9DC3FB0026B89B /* Resources */ = {
			isa = PBXResourcesBuildPhase;
			buildActionMask = 2147483647;
			files = (
			);
			runOnlyForDeploymentPostprocessing = 0;
		};
/* End PBXResourcesBuildPhase section */

/* Begin PBXSourcesBuildPhase section */
		D38243251F9DC3FB0026B89B /* Sources */ = {
			isa = PBXSourcesBuildPhase;
			buildActionMask = 2147483647;
			files = (
				D382432F1F9DC3FB0026B89B /* ViewController.swift in Sources */,
				D382432D1F9DC3FB0026B89B /* AppDelegate.swift in Sources */,
			);
			runOnlyForDeploymentPostprocessing = 0;
		};
		D38243391F9DC3FB0026B89B /* Sources */ = {
			isa = PBXSourcesBuildPhase;
			buildActionMask = 2147483647;
			files = (
				D38243421F9DC3FB0026B89B /* usernameprojTests.swift in Sources */,
			);
			runOnlyForDeploymentPostprocessing = 0;
		};
		D38243441F9DC3FB0026B89B /* Sources */ = {
			isa = PBXSourcesBuildPhase;
			buildActionMask = 2147483647;
			files = (
				D382434D1F9DC3FB0026B89B /* usernameprojUITests.swift in Sources */,
			);
			runOnlyForDeploymentPostprocessing = 0;
		};
/* End PBXSourcesBuildPhase section */

/* Begin PBXTargetDependency section */
		D382433F1F9DC3FB0026B89B /* PBXTargetDependency */ = {
			isa = PBXTargetDependency;
			target = D38243281F9DC3FB0026B89B /* usernameproj */;
			targetProxy = D382433E1F9DC3FB0026B89B /* PBXContainerItemProxy */;
		};
		D382434A1F9DC3FB0026B89B /* PBXTargetDependency */ = {
			isa = PBXTargetDependency;
			target = D38243281F9DC3FB0026B89B /* usernameproj */;
			targetProxy = D38243491F9DC3FB0026B89B /* PBXContainerItemProxy */;
		};
/* End PBXTargetDependency section */

/* Begin PBXVariantGroup section */
		D38243301F9DC3FB0026B89B /* Main.storyboard */ = {
			isa = PBXVariantGroup;
			children = (
				D38243311F9DC3FB0026B89B /* Base */,
			);
			name = Main.storyboard;
			sourceTree = "<group>";
		};
		D38243351F9DC3FB0026B89B /* LaunchScreen.storyboard */ = {
			isa = PBXVariantGroup;
			children = (
				D38243361F9DC3FB0026B89B /* Base */,
			);
			name = LaunchScreen.storyboard;
			sourceTree = "<group>";
		};
/* End PBXVariantGroup section */

/* Begin XCBuildConfiguration section */
		D382434F1F9DC3FB0026B89B /* Debug */ = {
			isa = XCBuildConfiguration;
			buildSettings = {
				ALWAYS_SEARCH_USER_PATHS = NO;
				CLANG_ANALYZER_NONNULL = YES;
				CLANG_ANALYZER_NUMBER_OBJECT_CONVERSION = YES_AGGRESSIVE;
				CLANG_CXX_LANGUAGE_STANDARD = "gnu++14";
				CLANG_CXX_LIBRARY = "libc++";
				CLANG_ENABLE_MODULES = YES;
				CLANG_ENABLE_OBJC_ARC = YES;
				CLANG_WARN_BLOCK_CAPTURE_AUTORELEASING = YES;
				CLANG_WARN_BOOL_CONVERSION = YES;
				CLANG_WARN_COMMA = YES;
				CLANG_WARN_CONSTANT_CONVERSION = YES;
				CLANG_WARN_DIRECT_OBJC_ISA_USAGE = YES_ERROR;
				CLANG_WARN_DOCUMENTATION_COMMENTS = YES;
				CLANG_WARN_EMPTY_BODY = YES;
				CLANG_WARN_ENUM_CONVERSION = YES;
				CLANG_WARN_INFINITE_RECURSION = YES;
				CLANG_WARN_INT_CONVERSION = YES;
				CLANG_WARN_NON_LITERAL_NULL_CONVERSION = YES;
				CLANG_WARN_OBJC_LITERAL_CONVERSION = YES;
				CLANG_WARN_OBJC_ROOT_CLASS = YES_ERROR;
				CLANG_WARN_RANGE_LOOP_ANALYSIS = YES;
				CLANG_WARN_STRICT_PROTOTYPES = YES;
				CLANG_WARN_SUSPICIOUS_MOVE = YES;
				CLANG_WARN_UNGUARDED_AVAILABILITY = YES_AGGRESSIVE;
				CLANG_WARN_UNREACHABLE_CODE = YES;
				CLANG_WARN__DUPLICATE_METHOD_MATCH = YES;
				CODE_SIGN_IDENTITY = "iPhone Developer";
				COPY_PHASE_STRIP = NO;
				DEBUG_INFORMATION_FORMAT = dwarf;
				ENABLE_STRICT_OBJC_MSGSEND = YES;
				ENABLE_TESTABILITY = YES;
				GCC_C_LANGUAGE_STANDARD = gnu11;
				GCC_DYNAMIC_NO_PIC = NO;
				GCC_NO_COMMON_BLOCKS = YES;
				GCC_OPTIMIZATION_LEVEL = 0;
				GCC_PREPROCESSOR_DEFINITIONS = (
					"DEBUG=1",
					"$(inherited)",
				);
				GCC_WARN_64_TO_32_BIT_CONVERSION = YES;
				GCC_WARN_ABOUT_RETURN_TYPE = YES_ERROR;
				GCC_WARN_UNDECLARED_SELECTOR = YES;
				GCC_WARN_UNINITIALIZED_AUTOS = YES_AGGRESSIVE;
				GCC_WARN_UNUSED_FUNCTION = YES;
				GCC_WARN_UNUSED_VARIABLE = YES;
				IPHONEOS_DEPLOYMENT_TARGET = 11.0;
				MTL_ENABLE_DEBUG_INFO = YES;
				ONLY_ACTIVE_ARCH = YES;
				SDKROOT = iphoneos;
				SWIFT_ACTIVE_COMPILATION_CONDITIONS = DEBUG;
				SWIFT_OPTIMIZATION_LEVEL = "-Onone";
			};
			name = Debug;
		};
		D38243501F9DC3FB0026B89B /* Release */ = {
			isa = XCBuildConfiguration;
			buildSettings = {
				ALWAYS_SEARCH_USER_PATHS = NO;
				CLANG_ANALYZER_NONNULL = YES;
				CLANG_ANALYZER_NUMBER_OBJECT_CONVERSION = YES_AGGRESSIVE;
				CLANG_CXX_LANGUAGE_STANDARD = "gnu++14";
				CLANG_CXX_LIBRARY = "libc++";
				CLANG_ENABLE_MODULES = YES;
				CLANG_ENABLE_OBJC_ARC = YES;
				CLANG_WARN_BLOCK_CAPTURE_AUTORELEASING = YES;
				CLANG_WARN_BOOL_CONVERSION = YES;
				CLANG_WARN_COMMA = YES;
				CLANG_WARN_CONSTANT_CONVERSION = YES;
				CLANG_WARN_DIRECT_OBJC_ISA_USAGE = YES_ERROR;
				CLANG_WARN_DOCUMENTATION_COMMENTS = YES;
				CLANG_WARN_EMPTY_BODY = YES;
				CLANG_WARN_ENUM_CONVERSION = YES;
				CLANG_WARN_INFINITE_RECURSION = YES;
				CLANG_WARN_INT_CONVERSION = YES;
				CLANG_WARN_NON_LITERAL_NULL_CONVERSION = YES;
				CLANG_WARN_OBJC_LITERAL_CONVERSION = YES;
				CLANG_WARN_OBJC_ROOT_CLASS = YES_ERROR;
				CLANG_WARN_RANGE_LOOP_ANALYSIS = YES;
				CLANG_WARN_STRICT_PROTOTYPES = YES;
				CLANG_WARN_SUSPICIOUS_MOVE = YES;
				CLANG_WARN_UNGUARDED_AVAILABILITY = YES_AGGRESSIVE;
				CLANG_WARN_UNREACHABLE_CODE = YES;
				CLANG_WARN__DUPLICATE_METHOD_MATCH = YES;
				CODE_SIGN_IDENTITY = "iPhone Developer";
				COPY_PHASE_STRIP = NO;
				DEBUG_INFORMATION_FORMAT = "dwarf-with-dsym";
				ENABLE_NS_ASSERTIONS = NO;
				ENABLE_STRICT_OBJC_MSGSEND = YES;
				GCC_C_LANGUAGE_STANDARD = gnu11;
				GCC_NO_COMMON_BLOCKS = YES;
				GCC_WARN_64_TO_32_BIT_CONVERSION = YES;
				GCC_WARN_ABOUT_RETURN_TYPE = YES_ERROR;
				GCC_WARN_UNDECLARED_SELECTOR = YES;
				GCC_WARN_UNINITIALIZED_AUTOS = YES_AGGRESSIVE;
				GCC_WARN_UNUSED_FUNCTION = YES;
				GCC_WARN_UNUSED_VARIABLE = YES;
				IPHONEOS_DEPLOYMENT_TARGET = 11.0;
				MTL_ENABLE_DEBUG_INFO = NO;
				SDKROOT = iphoneos;
				SWIFT_OPTIMIZATION_LEVEL = "-Owholemodule";
				VALIDATE_PRODUCT = YES;
			};
			name = Release;
		};
		D38243521F9DC3FB0026B89B /* Debug */ = {
			isa = XCBuildConfiguration;
			buildSettings = {
				ASSETCATALOG_COMPILER_APPICON_NAME = AppIcon;
				CODE_SIGN_STYLE = Automatic;
				INFOPLIST_FILE = usernameproj/Info.plist;
				LD_RUNPATH_SEARCH_PATHS = "$(inherited) @executable_path/Frameworks";
				PRODUCT_BUNDLE_IDENTIFIER = "smk-idn.usernameproj";
				PRODUCT_NAME = "$(TARGET_NAME)";
				SWIFT_VERSION = 4.0;
				TARGETED_DEVICE_FAMILY = "1,2";
			};
			name = Debug;
		};
		D38243531F9DC3FB0026B89B /* Release */ = {
			isa = XCBuildConfiguration;
			buildSettings = {
				ASSETCATALOG_COMPILER_APPICON_NAME = AppIcon;
				CODE_SIGN_STYLE = Automatic;
				INFOPLIST_FILE = usernameproj/Info.plist;
				LD_RUNPATH_SEARCH_PATHS = "$(inherited) @executable_path/Frameworks";
				PRODUCT_BUNDLE_IDENTIFIER = "smk-idn.usernameproj";
				PRODUCT_NAME = "$(TARGET_NAME)";
				SWIFT_VERSION = 4.0;
				TARGETED_DEVICE_FAMILY = "1,2";
			};
			name = Release;
		};
		D38243551F9DC3FB0026B89B /* Debug */ = {
			isa = XCBuildConfiguration;
			buildSettings = {
				ALWAYS_EMBED_SWIFT_STANDARD_LIBRARIES = YES;
				BUNDLE_LOADER = "$(TEST_HOST)";
				CODE_SIGN_STYLE = Automatic;
				INFOPLIST_FILE = usernameprojTests/Info.plist;
				LD_RUNPATH_SEARCH_PATHS = "$(inherited) @executable_path/Frameworks @loader_path/Frameworks";
				PRODUCT_BUNDLE_IDENTIFIER = "smk-idn.usernameprojTests";
				PRODUCT_NAME = "$(TARGET_NAME)";
				SWIFT_VERSION = 4.0;
				TARGETED_DEVICE_FAMILY = "1,2";
				TEST_HOST = "$(BUILT_PRODUCTS_DIR)/usernameproj.app/usernameproj";
			};
			name = Debug;
		};
		D38243561F9DC3FB0026B89B /* Release */ = {
			isa = XCBuildConfiguration;
			buildSettings = {
				ALWAYS_EMBED_SWIFT_STANDARD_LIBRARIES = YES;
				BUNDLE_LOADER = "$(TEST_HOST)";
				CODE_SIGN_STYLE = Automatic;
				INFOPLIST_FILE = usernameprojTests/Info.plist;
				LD_RUNPATH_SEARCH_PATHS = "$(inherited) @executable_path/Frameworks @loader_path/Frameworks";
				PRODUCT_BUNDLE_IDENTIFIER = "smk-idn.usernameprojTests";
				PRODUCT_NAME = "$(TARGET_NAME)";
				SWIFT_VERSION = 4.0;
				TARGETED_DEVICE_FAMILY = "1,2";
				TEST_HOST = "$(BUILT_PRODUCTS_DIR)/usernameproj.app/usernameproj";
			};
			name = Release;
		};
		D38243581F9DC3FB0026B89B /* Debug */ = {
			isa = XCBuildConfiguration;
			buildSettings = {
				ALWAYS_EMBED_SWIFT_STANDARD_LIBRARIES = YES;
				CODE_SIGN_STYLE = Automatic;
				INFOPLIST_FILE = usernameprojUITests/Info.plist;
				LD_RUNPATH_SEARCH_PATHS = "$(inherited) @executable_path/Frameworks @loader_path/Frameworks";
				PRODUCT_BUNDLE_IDENTIFIER = "smk-idn.usernameprojUITests";
				PRODUCT_NAME = "$(TARGET_NAME)";
				SWIFT_VERSION = 4.0;
				TARGETED_DEVICE_FAMILY = "1,2";
				TEST_TARGET_NAME = usernameproj;
			};
			name = Debug;
		};
		D38243591F9DC3FB0026B89B /* Release */ = {
			isa = XCBuildConfiguration;
			buildSettings = {
				ALWAYS_EMBED_SWIFT_STANDARD_LIBRARIES = YES;
				CODE_SIGN_STYLE = Automatic;
				INFOPLIST_FILE = usernameprojUITests/Info.plist;
				LD_RUNPATH_SEARCH_PATHS = "$(inherited) @executable_path/Frameworks @loader_path/Frameworks";
				PRODUCT_BUNDLE_IDENTIFIER = "smk-idn.usernameprojUITests";
				PRODUCT_NAME = "$(TARGET_NAME)";
				SWIFT_VERSION = 4.0;
				TARGETED_DEVICE_FAMILY = "1,2";
				TEST_TARGET_NAME = usernameproj;
			};
			name = Release;
		};
/* End XCBuildConfiguration section */

/* Begin XCConfigurationList section */
		D38243241F9DC3FB0026B89B /* Build configuration list for PBXProject "usernameproj" */ = {
			isa = XCConfigurationList;
			buildConfigurations = (
				D382434F1F9DC3FB0026B89B /* Debug */,
				D38243501F9DC3FB0026B89B /* Release */,
			);
			defaultConfigurationIsVisible = 0;
			defaultConfigurationName = Release;
		};
		D38243511F9DC3FB0026B89B /* Build configuration list for PBXNativeTarget "usernameproj" */ = {
			isa = XCConfigurationList;
			buildConfigurations = (
				D38243521F9DC3FB0026B89B /* Debug */,
				D38243531F9DC3FB0026B89B /* Release */,
			);
			defaultConfigurationIsVisible = 0;
			defaultConfigurationName = Release;
		};
		D38243541F9DC3FB0026B89B /* Build configuration list for PBXNativeTarget "usernameprojTests" */ = {
			isa = XCConfigurationList;
			buildConfigurations = (
				D38243551F9DC3FB0026B89B /* Debug */,
				D38243561F9DC3FB0026B89B /* Release */,
			);
			defaultConfigurationIsVisible = 0;
			defaultConfigurationName = Release;
		};
		D38243571F9DC3FB0026B89B /* Build configuration list for PBXNativeTarget "usernameprojUITests" */ = {
			isa = XCConfigurationList;
			buildConfigurations = (
				D38243581F9DC3FB0026B89B /* Debug */,
				D38243591F9DC3FB0026B89B /* Release */,
			);
			defaultConfigurationIsVisible = 0;
			defaultConfigurationName = Release;
		};
/* End XCConfigurationList section */
	};
	rootObject = D38243211F9DC3FB0026B89B /* Project object */;
}
